
Microsoft Visual Studio Solution File, Format Version 12.00
# Visual Studio 15
Project("{FAE04EC0-301F-11D3-BF4B-00C04F79EFBC}") = "Assembly-CSharp", "Assembly-CSharp.csproj", "{B53FEC66-98CC-4150-0BED-3E0599920972}"
EndProject
Project("{FAE04EC0-301F-11D3-BF4B-00C04F79EFBC}") = "Assembly-CSharp-firstpass", "Assembly-CSharp-firstpass.csproj", "{7B12F14E-85C1-FBBE-FF5F-DDB6CD415872}"
EndProject
Project("{FAE04EC0-301F-11D3-BF4B-00C04F79EFBC}") = "Assembly-CSharp-Editor-firstpass", "Assembly-CSharp-Editor-firstpass.csproj", "{1EB1354F-40A2-E2D4-9984-F9DAE257A939}"
EndProject
Project("{FAE04EC0-301F-11D3-BF4B-00C04F79EFBC}") = "CustomToolbar.Editor", "CustomToolbar.Editor.csproj", "{DC2B11F0-BEC8-0E55-68CD-62E1DC30D845}"
EndProject
Global
	GlobalSection(SolutionConfigurationPlatforms) = preSolution
		Debug|Any CPU = Debug|Any CPU
		Release|Any CPU = Release|Any CPU
	EndGlobalSection
	GlobalSection(ProjectConfigurationPlatforms) = postSolution
		{B53FEC66-98CC-4150-0BED-3E0599920972}.Debug|Any CPU.ActiveCfg = Debug|Any CPU
		{B53FEC66-98CC-4150-0BED-3E0599920972}.Debug|Any CPU.Build.0 = Debug|Any CPU
		{B53FEC66-98CC-4150-0BED-3E0599920972}.Release|Any CPU.ActiveCfg = Release|Any CPU
		{B53FEC66-98CC-4150-0BED-3E0599920972}.Release|Any CPU.Build.0 = Release|Any CPU
		{7B12F14E-85C1-FBBE-FF5F-DDB6CD415872}.Debug|Any CPU.ActiveCfg = Debug|Any CPU
		{7B12F14E-85C1-FBBE-FF5F-DDB6CD415872}.Debug|Any CPU.Build.0 = Debug|Any CPU
		{7B12F14E-85C1-FBBE-FF5F-DDB6CD415872}.Release|Any CPU.ActiveCfg = Release|Any CPU
		{7B12F14E-85C1-FBBE-FF5F-DDB6CD415872}.Release|Any CPU.Build.0 = Release|Any CPU
		{1EB1354F-40A2-E2D4-9984-F9DAE257A939}.Debug|Any CPU.ActiveCfg = Debug|Any CPU
		{1EB1354F-40A2-E2D4-9984-F9DAE257A939}.Debug|Any CPU.Build.0 = Debug|Any CPU
		{1EB1354F-40A2-E2D4-9984-F9DAE257A939}.Release|Any CPU.ActiveCfg = Release|Any CPU
		{1EB1354F-40A2-E2D4-9984-F9DAE257A939}.Release|Any CPU.Build.0 = Release|Any CPU
		{DC2B11F0-BEC8-0E55-68CD-62E1DC30D845}.Debug|Any CPU.ActiveCfg = Debug|Any CPU
		{DC2B11F0-BEC8-0E55-68CD-62E1DC30D845}.Debug|Any CPU.Build.0 = Debug|Any CPU
		{DC2B11F0-BEC8-0E55-68CD-62E1DC30D845}.Release|Any CPU.ActiveCfg = Release|Any CPU
		{DC2B11F0-BEC8-0E55-68CD-62E1DC30D845}.Release|Any CPU.Build.0 = Release|Any CPU
	EndGlobalSection
	GlobalSection(SolutionProperties) = preSolution
		HideSolutionNode = FALSE
	EndGlobalSection
EndGlobal
